<?xml version="1.0" encoding="utf-8"?>
<Project ToolsVersion="4.0" xmlns="http://schemas.microsoft.com/developer/msbuild/2003">
  <ItemGroup>
    <Filter Include="Source Files">
      <UniqueIdentifier>{4FC737F1-C7A5-4376-A066-2A32D752A2FF}</UniqueIdentifier>
      <Extensions>cpp;c;cc;cxx;def;odl;idl;hpj;bat;asm;asmx</Extensions>
    </Filter>
    <Filter Include="Header Files">
      <UniqueIdentifier>{93995380-89BD-4b04-88EB-625FBE52EBFB}</UniqueIdentifier>
      <Extensions>h;hh;hpp;hxx;hm;inl;inc;ipp;xsd</Extensions>
    </Filter>
    <Filter Include="Resource Files">
      <UniqueIdentifier>{67DA6AB6-F800-4c08-8B7A-83BB121AAD01}</UniqueIdentifier>
      <Extensions>rc;ico;cur;bmp;dlg;rc2;rct;bin;rgs;gif;jpg;jpeg;jpe;resx;tiff;tif;png;wav;mfcribbon-ms</Extensions>
    </Filter>
    <Filter Include="Source Files\1.getting_started">
      <UniqueIdentifier>{a1ca53a1-b01a-4269-bce0-a9b9686b7058}</UniqueIdentifier>
    </Filter>
    <Filter Include="util">
      <UniqueIdentifier>{520a7356-b3ba-4efd-a941-4ffd099db67e}</UniqueIdentifier>
    </Filter>
    <Filter Include="Source Files\shader">
      <UniqueIdentifier>{6cb5d84e-6dcb-4972-86e7-a1978e54565b}</UniqueIdentifier>
    </Filter>
    <Filter Include="Source Files\shader\getting_started">
      <UniqueIdentifier>{0d57cb9a-094e-4d3c-98e4-734718df9f6c}</UniqueIdentifier>
    </Filter>
    <Filter Include="Source Files\lighting">
      <UniqueIdentifier>{6a043818-cd88-4ac4-8069-59e396eb511d}</UniqueIdentifier>
    </Filter>
    <Filter Include="Source Files\shader\lighting">
      <UniqueIdentifier>{00568137-1412-4462-8442-728a7ce18378}</UniqueIdentifier>
    </Filter>
  </ItemGroup>
  <ItemGroup>
    <ClCompile Include="1.getting_started\hello_window.cpp">
      <Filter>Source Files\1.getting_started</Filter>
    </ClCompile>
    <ClCompile Include="glad.c">
      <Filter>Source Files</Filter>
    </ClCompile>
    <ClCompile Include="stb_image.cpp">
      <Filter>Source Files</Filter>
    </ClCompile>
    <ClCompile Include="util\shader.cpp">
      <Filter>util</Filter>
    </ClCompile>
    <ClCompile Include="util\commonUtil.cpp">
      <Filter>util</Filter>
    </ClCompile>
    <ClCompile Include="1.getting_started\hello_texture.cpp">
      <Filter>Source Files\1.getting_started</Filter>
    </ClCompile>
    <ClCompile Include="util\camera.cpp">
      <Filter>util</Filter>
    </ClCompile>
    <ClCompile Include="1.getting_started\hello_camera.cpp">
      <Filter>Source Files\1.getting_started</Filter>
    </ClCompile>
    <ClCompile Include="2.lighting\lightingMaps.cpp">
      <Filter>Source Files\lighting</Filter>
    </ClCompile>
    <ClCompile Include="2.lighting\multipleLights.cpp">
      <Filter>Source Files\lighting</Filter>
    </ClCompile>
  </ItemGroup>
  <ItemGroup>
    <ClInclude Include="resource.h">
      <Filter>Header Files</Filter>
    </ClInclude>
    <ClInclude Include="..\includes\util\camera.h">
      <Filter>Header Files</Filter>
    </ClInclude>
    <ClInclude Include="..\includes\util\filesystem.h">
      <Filter>Header Files</Filter>
    </ClInclude>
    <ClInclude Include="..\includes\util\mesh.h">
      <Filter>Header Files</Filter>
    </ClInclude>
    <ClInclude Include="..\includes\util\model.h">
      <Filter>Header Files</Filter>
    </ClInclude>
    <ClInclude Include="..\includes\util\shader.h">
      <Filter>Header Files</Filter>
    </ClInclude>
    <ClInclude Include="..\includes\util\shader_m.h">
      <Filter>Header Files</Filter>
    </ClInclude>
    <ClInclude Include="..\includes\util\shader_s.h">
      <Filter>Header Files</Filter>
    </ClInclude>
    <ClInclude Include="commonUtil.h">
      <Filter>Header Files</Filter>
    </ClInclude>
    <ClInclude Include="..\includes\util\commonUtil.h">
      <Filter>Header Files</Filter>
    </ClInclude>
  </ItemGroup>
  <ItemGroup>
    <None Include="shader\getting_started\camera.fs">
      <Filter>Source Files\shader\getting_started</Filter>
    </None>
    <None Include="shader\getting_started\camera.vs">
      <Filter>Source Files\shader\getting_started</Filter>
    </None>
    <None Include="shader\getting_started\shader.fs">
      <Filter>Source Files\shader\getting_started</Filter>
    </None>
    <None Include="shader\getting_started\shader.vs">
      <Filter>Source Files\shader\getting_started</Filter>
    </None>
    <None Include="shader\getting_started\textureShader.fs">
      <Filter>Source Files\shader\getting_started</Filter>
    </None>
    <None Include="shader\getting_started\textureShader.vs">
      <Filter>Source Files\shader\getting_started</Filter>
    </None>
    <None Include="shader\lighting\lightingMaps.vs">
      <Filter>Source Files\shader\lighting</Filter>
    </None>
    <None Include="shader\lighting\lightingMaps.fs">
      <Filter>Source Files\shader\lighting</Filter>
    </None>
    <None Include="shader\lighting\lightCube.fs">
      <Filter>Source Files\shader\lighting</Filter>
    </None>
    <None Include="shader\lighting\lightCube.vs">
      <Filter>Source Files\shader\lighting</Filter>
    </None>
    <None Include="shader\lighting\multipleLights.fs">
      <Filter>Source Files\shader\lighting</Filter>
    </None>
    <None Include="shader\lighting\multipleLights.vs">
      <Filter>Source Files\shader\lighting</Filter>
    </None>
  </ItemGroup>
</Project>