<?xml version="1.0" encoding="utf-8"?>
<Project ToolsVersion="4.0" xmlns="http://schemas.microsoft.com/developer/msbuild/2003">
  <ItemGroup>
    <Filter Include="Source Files">
      <UniqueIdentifier>{4FC737F1-C7A5-4376-A066-2A32D752A2FF}</UniqueIdentifier>
      <Extensions>cpp;c;cc;cxx;def;odl;idl;hpj;bat;asm;asmx</Extensions>
    </Filter>
    <Filter Include="Header Files">
      <UniqueIdentifier>{93995380-89BD-4b04-88EB-625FBE52EBFB}</UniqueIdentifier>
      <Extensions>h;hh;hpp;hxx;hm;inl;inc;ipp;xsd</Extensions>
    </Filter>
    <Filter Include="Resource Files">
      <UniqueIdentifier>{67DA6AB6-F800-4c08-8B7A-83BB121AAD01}</UniqueIdentifier>
      <Extensions>rc;ico;cur;bmp;dlg;rc2;rct;bin;rgs;gif;jpg;jpeg;jpe;resx;tiff;tif;png;wav;mfcribbon-ms</Extensions>
    </Filter>
    <Filter Include="Source Files\1.getting_started">
      <UniqueIdentifier>{a1ca53a1-b01a-4269-bce0-a9b9686b7058}</UniqueIdentifier>
    </Filter>
    <Filter Include="util">
      <UniqueIdentifier>{520a7356-b3ba-4efd-a941-4ffd099db67e}</UniqueIdentifier>
    </Filter>
    <Filter Include="Source Files\shader">
      <UniqueIdentifier>{6cb5d84e-6dcb-4972-86e7-a1978e54565b}</UniqueIdentifier>
    </Filter>
    <Filter Include="Source Files\shader\getting_started">
      <UniqueIdentifier>{0d57cb9a-094e-4d3c-98e4-734718df9f6c}</UniqueIdentifier>
    </Filter>
    <Filter Include="Source Files\shader\lighting">
      <UniqueIdentifier>{00568137-1412-4462-8442-728a7ce18378}</UniqueIdentifier>
    </Filter>
    <Filter Include="Source Files\shader\modelLoading">
      <UniqueIdentifier>{943ad75f-ba2f-4754-99b2-ee9d77efb11c}</UniqueIdentifier>
    </Filter>
    <Filter Include="Source Files\2.lighting">
      <UniqueIdentifier>{6a043818-cd88-4ac4-8069-59e396eb511d}</UniqueIdentifier>
    </Filter>
    <Filter Include="Source Files\3.modelsLoading">
      <UniqueIdentifier>{ec2b5ad3-6cf6-4db3-ac2d-c1ca52b4cd4d}</UniqueIdentifier>
    </Filter>
    <Filter Include="Source Files\4.advanced_opengl">
      <UniqueIdentifier>{f8044dc1-f364-4d4c-8ea7-c9cf65a80040}</UniqueIdentifier>
    </Filter>
    <Filter Include="oper">
      <UniqueIdentifier>{81a969cf-5a29-4308-9924-fec34b1a888d}</UniqueIdentifier>
    </Filter>
    <Filter Include="Source Files\shader\advancedOpengl">
      <UniqueIdentifier>{3fc18dd8-7378-4b96-bd61-b5fa6812be17}</UniqueIdentifier>
    </Filter>
  </ItemGroup>
  <ItemGroup>
    <ClCompile Include="1.getting_started\hello_window.cpp">
      <Filter>Source Files\1.getting_started</Filter>
    </ClCompile>
    <ClCompile Include="glad.c">
      <Filter>Source Files</Filter>
    </ClCompile>
    <ClCompile Include="stb_image.cpp">
      <Filter>Source Files</Filter>
    </ClCompile>
    <ClCompile Include="util\shader.cpp">
      <Filter>util</Filter>
    </ClCompile>
    <ClCompile Include="util\commonUtil.cpp">
      <Filter>util</Filter>
    </ClCompile>
    <ClCompile Include="1.getting_started\hello_texture.cpp">
      <Filter>Source Files\1.getting_started</Filter>
    </ClCompile>
    <ClCompile Include="util\camera.cpp">
      <Filter>util</Filter>
    </ClCompile>
    <ClCompile Include="1.getting_started\hello_camera.cpp">
      <Filter>Source Files\1.getting_started</Filter>
    </ClCompile>
    <ClCompile Include="2.lighting\lightingMaps.cpp">
      <Filter>Source Files\2.lighting</Filter>
    </ClCompile>
    <ClCompile Include="2.lighting\multipleLights.cpp">
      <Filter>Source Files\2.lighting</Filter>
    </ClCompile>
    <ClCompile Include="Main.cpp">
      <Filter>Source Files</Filter>
    </ClCompile>
    <ClCompile Include="util\mesh.cpp">
      <Filter>util</Filter>
    </ClCompile>
    <ClCompile Include="util\model.cpp">
      <Filter>util</Filter>
    </ClCompile>
    <ClCompile Include="3.model_loading\modelLoading.cpp">
      <Filter>Source Files\3.modelsLoading</Filter>
    </ClCompile>
    <ClCompile Include="4.advanced_opengl\depthTest.cpp">
      <Filter>Source Files\4.advanced_opengl</Filter>
    </ClCompile>
    <ClCompile Include="oper\operation.cpp">
      <Filter>oper</Filter>
    </ClCompile>
    <ClCompile Include="oper\lambdaOp.cpp">
      <Filter>oper</Filter>
    </ClCompile>
    <ClCompile Include="oper\opQueue.cpp">
      <Filter>oper</Filter>
    </ClCompile>
    <ClCompile Include="oper\opNode.cpp">
      <Filter>oper</Filter>
    </ClCompile>
    <ClCompile Include="oper\eventManager.cpp">
      <Filter>oper</Filter>
    </ClCompile>
    <ClCompile Include="oper\glfwWrapper.cpp">
      <Filter>oper</Filter>
    </ClCompile>
    <ClCompile Include="oper\filesystem.cpp">
      <Filter>oper</Filter>
    </ClCompile>
    <ClCompile Include="oper\config.cpp">
      <Filter>oper</Filter>
    </ClCompile>
    <ClCompile Include="util\Image.cpp">
      <Filter>util</Filter>
    </ClCompile>
    <ClCompile Include="util\VAO.cpp">
      <Filter>util</Filter>
    </ClCompile>
    <ClCompile Include="util\texture.cpp">
      <Filter>util</Filter>
    </ClCompile>
    <ClCompile Include="4.advanced_opengl\registerInput.cpp">
      <Filter>Source Files\4.advanced_opengl</Filter>
    </ClCompile>
    <ClCompile Include="4.advanced_opengl\blending_discard.cpp">
      <Filter>Source Files\4.advanced_opengl</Filter>
    </ClCompile>
    <ClCompile Include="4.advanced_opengl\face_culling.cpp">
      <Filter>Source Files\4.advanced_opengl</Filter>
    </ClCompile>
    <ClCompile Include="4.advanced_opengl\framebuffers.cpp">
      <Filter>Source Files\4.advanced_opengl</Filter>
    </ClCompile>
    <ClCompile Include="util\fbo.cpp">
      <Filter>util</Filter>
    </ClCompile>
    <ClCompile Include="4.advanced_opengl\cubeMaps.cpp">
      <Filter>Source Files\4.advanced_opengl</Filter>
    </ClCompile>
    <ClCompile Include="4.advanced_opengl\uniformBufferObject.cpp">
      <Filter>Source Files\4.advanced_opengl</Filter>
    </ClCompile>
  </ItemGroup>
  <ItemGroup>
    <ClInclude Include="..\includes\util\camera.h">
      <Filter>Header Files</Filter>
    </ClInclude>
    <ClInclude Include="..\includes\util\filesystem.h">
      <Filter>Header Files</Filter>
    </ClInclude>
    <ClInclude Include="..\includes\util\mesh.h">
      <Filter>Header Files</Filter>
    </ClInclude>
    <ClInclude Include="..\includes\util\model.h">
      <Filter>Header Files</Filter>
    </ClInclude>
    <ClInclude Include="..\includes\util\shader.h">
      <Filter>Header Files</Filter>
    </ClInclude>
    <ClInclude Include="..\includes\util\commonUtil.h">
      <Filter>Header Files</Filter>
    </ClInclude>
    <ClInclude Include="..\includes\util\operation.h">
      <Filter>Header Files</Filter>
    </ClInclude>
    <ClInclude Include="..\includes\util\lambdaOp.h">
      <Filter>Header Files</Filter>
    </ClInclude>
    <ClInclude Include="..\includes\util\opNode.h">
      <Filter>Header Files</Filter>
    </ClInclude>
    <ClInclude Include="..\includes\util\opQueue.h">
      <Filter>Header Files</Filter>
    </ClInclude>
    <ClInclude Include="..\includes\util\eventManager.h">
      <Filter>Header Files</Filter>
    </ClInclude>
    <ClInclude Include="..\includes\util\singleton.h">
      <Filter>Header Files</Filter>
    </ClInclude>
    <ClInclude Include="..\includes\GLFW\glfwWrapper.h">
      <Filter>Header Files</Filter>
    </ClInclude>
    <ClInclude Include="..\includes\util\LStorage.h">
      <Filter>Header Files</Filter>
    </ClInclude>
    <ClInclude Include="..\includes\util\GStorage.H">
      <Filter>Header Files</Filter>
    </ClInclude>
    <ClInclude Include="..\includes\util\registerInput.h">
      <Filter>Header Files</Filter>
    </ClInclude>
    <ClInclude Include="..\includes\Defines.h">
      <Filter>Header Files</Filter>
    </ClInclude>
    <ClInclude Include="..\includes\config.h">
      <Filter>Header Files</Filter>
    </ClInclude>
    <ClInclude Include="..\includes\util\Image.h">
      <Filter>Header Files</Filter>
    </ClInclude>
    <ClInclude Include="..\includes\util\VAO.h">
      <Filter>Header Files</Filter>
    </ClInclude>
    <ClInclude Include="..\includes\util\texture.h">
      <Filter>Header Files</Filter>
    </ClInclude>
    <ClInclude Include="..\includes\util\fbo.h">
      <Filter>oper</Filter>
    </ClInclude>
  </ItemGroup>
  <ItemGroup>
    <None Include="shader\getting_started\camera.fs">
      <Filter>Source Files\shader\getting_started</Filter>
    </None>
    <None Include="shader\getting_started\camera.vs">
      <Filter>Source Files\shader\getting_started</Filter>
    </None>
    <None Include="shader\getting_started\shader.fs">
      <Filter>Source Files\shader\getting_started</Filter>
    </None>
    <None Include="shader\getting_started\shader.vs">
      <Filter>Source Files\shader\getting_started</Filter>
    </None>
    <None Include="shader\getting_started\textureShader.fs">
      <Filter>Source Files\shader\getting_started</Filter>
    </None>
    <None Include="shader\getting_started\textureShader.vs">
      <Filter>Source Files\shader\getting_started</Filter>
    </None>
    <None Include="shader\lighting\lightingMaps.vs">
      <Filter>Source Files\shader\lighting</Filter>
    </None>
    <None Include="shader\lighting\lightingMaps.fs">
      <Filter>Source Files\shader\lighting</Filter>
    </None>
    <None Include="shader\lighting\lightCube.fs">
      <Filter>Source Files\shader\lighting</Filter>
    </None>
    <None Include="shader\lighting\lightCube.vs">
      <Filter>Source Files\shader\lighting</Filter>
    </None>
    <None Include="shader\lighting\multipleLights.fs">
      <Filter>Source Files\shader\lighting</Filter>
    </None>
    <None Include="shader\lighting\multipleLights.vs">
      <Filter>Source Files\shader\lighting</Filter>
    </None>
    <None Include="shader\modelLoading\modelLoading.fs">
      <Filter>Source Files\shader\modelLoading</Filter>
    </None>
    <None Include="shader\modelLoading\modelLoading.vs">
      <Filter>Source Files\shader\modelLoading</Filter>
    </None>
    <None Include="shader\advancedOpengl\depthTest.vs">
      <Filter>Source Files\shader\advancedOpengl</Filter>
    </None>
    <None Include="shader\advancedOpengl\depthTest.fs">
      <Filter>Source Files\shader\advancedOpengl</Filter>
    </None>
    <None Include="shader\advancedOpengl\stencilTest.fs">
      <Filter>Source Files\shader\advancedOpengl</Filter>
    </None>
    <None Include="shader\advancedOpengl\stencilTest.vs">
      <Filter>Source Files\shader\advancedOpengl</Filter>
    </None>
    <None Include="shader\advancedOpengl\blending_discard.fs">
      <Filter>Source Files\shader\advancedOpengl</Filter>
    </None>
    <None Include="shader\advancedOpengl\blending_discard.vs">
      <Filter>Source Files\shader\advancedOpengl</Filter>
    </None>
    <None Include="shader\advancedOpengl\framebuffer.fs">
      <Filter>Source Files\shader\advancedOpengl</Filter>
    </None>
    <None Include="shader\advancedOpengl\framebuffer.vs">
      <Filter>Source Files\shader\advancedOpengl</Filter>
    </None>
    <None Include="shader\advancedOpengl\skyBox.fs">
      <Filter>Source Files\shader\advancedOpengl</Filter>
    </None>
    <None Include="shader\advancedOpengl\skyBox.vs">
      <Filter>Source Files\shader\advancedOpengl</Filter>
    </None>
    <None Include="ClassDiagram.cd" />
    <None Include="shader\advancedOpengl\environmentMapping.fs">
      <Filter>Source Files\shader\advancedOpengl</Filter>
    </None>
    <None Include="shader\advancedOpengl\environmentMapping.vs">
      <Filter>Source Files\shader\advancedOpengl</Filter>
    </None>
    <None Include="..\README.md" />
  </ItemGroup>
</Project>